
Microsoft Visual Studio Solution File, Format Version 12.00
# Visual Studio 2015
Project("{FAE04EC0-301F-11D3-BF4B-00C04F79EFBC}") = "SouthDemo.CSharp.Plugins", "SouthDemo.CSharp.Plugins.csproj", "{7EA24154-2ECB-7C4D-C4A2-2EA6FDBA15FF}"
EndProject
Project("{FAE04EC0-301F-11D3-BF4B-00C04F79EFBC}") = "SouthDemo.CSharp", "SouthDemo.CSharp.csproj", "{917EF4F5-C69C-8A1F-E609-1F39DAFEA80E}"
EndProject
Project("{FAE04EC0-301F-11D3-BF4B-00C04F79EFBC}") = "SouthDemo.CSharp.Editor", "SouthDemo.CSharp.Editor.csproj", "{EFF5CEA2-990F-43C8-35B4-2607F7E23083}"
EndProject
Global
	GlobalSection(SolutionConfigurationPlatforms) = preSolution
		Debug|Any CPU = Debug|Any CPU
		Release|Any CPU = Release|Any CPU
	EndGlobalSection
	GlobalSection(ProjectConfigurationPlatforms) = postSolution
		{7EA24154-2ECB-7C4D-C4A2-2EA6FDBA15FF}.Debug|Any CPU.ActiveCfg = Debug|Any CPU
		{7EA24154-2ECB-7C4D-C4A2-2EA6FDBA15FF}.Debug|Any CPU.Build.0 = Debug|Any CPU
		{7EA24154-2ECB-7C4D-C4A2-2EA6FDBA15FF}.Release|Any CPU.ActiveCfg = Release|Any CPU
		{7EA24154-2ECB-7C4D-C4A2-2EA6FDBA15FF}.Release|Any CPU.Build.0 = Release|Any CPU
		{917EF4F5-C69C-8A1F-E609-1F39DAFEA80E}.Debug|Any CPU.ActiveCfg = Debug|Any CPU
		{917EF4F5-C69C-8A1F-E609-1F39DAFEA80E}.Debug|Any CPU.Build.0 = Debug|Any CPU
		{917EF4F5-C69C-8A1F-E609-1F39DAFEA80E}.Release|Any CPU.ActiveCfg = Release|Any CPU
		{917EF4F5-C69C-8A1F-E609-1F39DAFEA80E}.Release|Any CPU.Build.0 = Release|Any CPU
		{EFF5CEA2-990F-43C8-35B4-2607F7E23083}.Debug|Any CPU.ActiveCfg = Debug|Any CPU
		{EFF5CEA2-990F-43C8-35B4-2607F7E23083}.Debug|Any CPU.Build.0 = Debug|Any CPU
		{EFF5CEA2-990F-43C8-35B4-2607F7E23083}.Release|Any CPU.ActiveCfg = Release|Any CPU
		{EFF5CEA2-990F-43C8-35B4-2607F7E23083}.Release|Any CPU.Build.0 = Release|Any CPU
	EndGlobalSection
	GlobalSection(SolutionProperties) = preSolution
		HideSolutionNode = FALSE
	EndGlobalSection
EndGlobal
